lockfile_version: '1'
generated_at: '2026-04-04T21:12:35.438466+00:00'
apm_version: 0.8.3
dependencies:
- repo_url: fantasy-cc/context-harness
  host: github.com
  resolved_commit: 2ba5c8b7275c4cc7aaa325ef06574aa6ae62e085
  package_type: claude_skill
  deployed_files:
  - .claude/skills/context-harness
  - .cursor/skills/context-harness
  - .github/skills/context-harness
  content_hash: sha256:562ec547b5b4e2668b4009f1f8001cc1df1813dc0110a90b2129f0984e78eb88
- repo_url: obra/superpowers
  host: github.com
  resolved_commit: 8ea39819eed74fe2a0338e71789f06b30e953041
  package_type: hook_package
  deployed_files:
  - .github/hooks/superpowers-hooks-cursor.json
  - .github/hooks/superpowers-hooks.json
  content_hash: sha256:b1182e9db82aeb5daeb7833807cd4db63b2f13efee99bfa88abd0bcc65635cb0
mcp_servers:
- context7
- github-mcp
- nitan-mcp
- notion-mcp
- playwright
- sequential-thinking
mcp_configs:
  context7:
    name: context7
    transport: stdio
    args:
    - -y
    - '@upstash/context7-mcp@latest'
    registry: false
    command: npx
  github-mcp:
    name: github-mcp
    transport: stdio
    args:
    - -y
    - '@modelcontextprotocol/server-github'
    registry: false
    command: npx
  nitan-mcp:
    name: nitan-mcp
    transport: stdio
    args:
    - -y
    - '@nitansde/mcp@latest'
    registry: false
    command: npx
  notion-mcp:
    name: notion-mcp
    transport: stdio
    args:
    - -y
    - '@notionhq/notion-mcp-server'
    registry: false
    command: npx
  playwright:
    name: playwright
    transport: stdio
    args:
    - -y
    - '@playwright/mcp@latest'
    registry: false
    command: npx
  sequential-thinking:
    name: sequential-thinking
    transport: stdio
    args:
    - -y
    - '@modelcontextprotocol/server-sequential-thinking'
    registry: false
    command: npx
